
Microsoft Visual Studio Solution File, Format Version 12.00
# Visual Studio Version 16
VisualStudioVersion = 16.0.31702.278
MinimumVisualStudioVersion = 10.0.40219.1
Project("{FAE04EC0-301F-11D3-BF4B-00C04F79EFBC}") = "Entities", "Entities\Entities.csproj", "{758FB41C-F360-4FD2-9E41-0C2E7E852CDC}"
EndProject
Project("{FAE04EC0-301F-11D3-BF4B-00C04F79EFBC}") = "DataAccess", "DataAccess\DataAccess.csproj", "{3626E2FD-0C4A-435A-803C-C156EF267FA1}"
EndProject
Project("{FAE04EC0-301F-11D3-BF4B-00C04F79EFBC}") = "Bussiness", "Bussiness\Bussiness.csproj", "{0D680B1E-E5C9-4ADF-B960-39942D21544F}"
EndProject
Project("{FAE04EC0-301F-11D3-BF4B-00C04F79EFBC}") = "Core", "Core\Core.csproj", "{32B6F974-8EDA-4CDE-A64B-E894C985BB07}"
EndProject
Global
	GlobalSection(SolutionConfigurationPlatforms) = preSolution
		Debug|Any CPU = Debug|Any CPU
		Release|Any CPU = Release|Any CPU
	EndGlobalSection
	GlobalSection(ProjectConfigurationPlatforms) = postSolution
		{758FB41C-F360-4FD2-9E41-0C2E7E852CDC}.Debug|Any CPU.ActiveCfg = Debug|Any CPU
		{758FB41C-F360-4FD2-9E41-0C2E7E852CDC}.Debug|Any CPU.Build.0 = Debug|Any CPU
		{758FB41C-F360-4FD2-9E41-0C2E7E852CDC}.Release|Any CPU.ActiveCfg = Release|Any CPU
		{758FB41C-F360-4FD2-9E41-0C2E7E852CDC}.Release|Any CPU.Build.0 = Release|Any CPU
		{3626E2FD-0C4A-435A-803C-C156EF267FA1}.Debug|Any CPU.ActiveCfg = Debug|Any CPU
		{3626E2FD-0C4A-435A-803C-C156EF267FA1}.Debug|Any CPU.Build.0 = Debug|Any CPU
		{3626E2FD-0C4A-435A-803C-C156EF267FA1}.Release|Any CPU.ActiveCfg = Release|Any CPU
		{3626E2FD-0C4A-435A-803C-C156EF267FA1}.Release|Any CPU.Build.0 = Release|Any CPU
		{0D680B1E-E5C9-4ADF-B960-39942D21544F}.Debug|Any CPU.ActiveCfg = Debug|Any CPU
		{0D680B1E-E5C9-4ADF-B960-39942D21544F}.Debug|Any CPU.Build.0 = Debug|Any CPU
		{0D680B1E-E5C9-4ADF-B960-39942D21544F}.Release|Any CPU.ActiveCfg = Release|Any CPU
		{0D680B1E-E5C9-4ADF-B960-39942D21544F}.Release|Any CPU.Build.0 = Release|Any CPU
		{32B6F974-8EDA-4CDE-A64B-E894C985BB07}.Debug|Any CPU.ActiveCfg = Debug|Any CPU
		{32B6F974-8EDA-4CDE-A64B-E894C985BB07}.Debug|Any CPU.Build.0 = Debug|Any CPU
		{32B6F974-8EDA-4CDE-A64B-E894C985BB07}.Release|Any CPU.ActiveCfg = Release|Any CPU
		{32B6F974-8EDA-4CDE-A64B-E894C985BB07}.Release|Any CPU.Build.0 = Release|Any CPU
	EndGlobalSection
	GlobalSection(SolutionProperties) = preSolution
		HideSolutionNode = FALSE
	EndGlobalSection
	GlobalSection(ExtensibilityGlobals) = postSolution
		SolutionGuid = {E6DB2DF1-002B-43C7-846A-D55A571FE6CE}
	EndGlobalSection
EndGlobal
